
# This file is generated by running "yarn install" inside your project.
# Manual changes might be lost - proceed with caution!

__metadata:
  version: 7
  cacheKey: 9

"@ampproject/remapping@npm:^2.1.0":
  version: 2.2.0
  resolution: "@ampproject/remapping@npm:2.2.0"
  dependencies:
    "@jridgewell/gen-mapping": "npm:^0.1.0"
    "@jridgewell/trace-mapping": "npm:^0.3.9"
  checksum: 468104da656991a578ac6c9e074fe9e6a810c37e90106a738464c971a9cea37ae29c3752c8946f884a82da458597fdff57da70c4fca3fb560d29038132d2d524
  languageName: node
  linkType: hard

"@babel/code-frame@npm:^7.0.0, @babel/code-frame@npm:^7.10.4, @babel/code-frame@npm:^7.12.13":
  version: 7.16.7
  resolution: "@babel/code-frame@npm:7.16.7"
  dependencies:
    "@babel/highlight": "npm:^7.16.7"
  checksum: 605f3530f232ac4906c19c768570739770679b73568dfc2421a70e4fcd2fb6e0e44cf8b72db058b96a4511c4dca8c3ca5c191e6329a56be6dd175d32abe3aeff
  languageName: node
  linkType: hard

"@babel/code-frame@npm:^7.18.6":
  version: 7.18.6
  resolution: "@babel/code-frame@npm:7.18.6"
  dependencies:
    "@babel/highlight": "npm:^7.18.6"
  checksum: eb27d165ea1c7c23e71a2a6f64225fe0ca0b2a39f5c0b57fda2a62dfa845799ca94886b08014f8fd4a711538cc6b1c89b9fc1dca6a5148893932bc03412ca848
  languageName: node
  linkType: hard

"@babel/compat-data@npm:^7.19.0":
  version: 7.19.0
  resolution: "@babel/compat-data@npm:7.19.0"
  checksum: bbb74bbb1fa825b182ca87d5916a3fad268b90a6a5d4f7805e4dfd1576ac0f622abf7956705f126d0f974fb2f68db84f9c14c1793f3db17fc8f925efc7272dbe
  languageName: node
  linkType: hard

"@babel/core@npm:^7.18.13":
  version: 7.19.0
  resolution: "@babel/core@npm:7.19.0"
  dependencies:
    "@ampproject/remapping": "npm:^2.1.0"
    "@babel/code-frame": "npm:^7.18.6"
    "@babel/generator": "npm:^7.19.0"
    "@babel/helper-compilation-targets": "npm:^7.19.0"
    "@babel/helper-module-transforms": "npm:^7.19.0"
    "@babel/helpers": "npm:^7.19.0"
    "@babel/parser": "npm:^7.19.0"
    "@babel/template": "npm:^7.18.10"
    "@babel/traverse": "npm:^7.19.0"
    "@babel/types": "npm:^7.19.0"
    convert-source-map: "npm:^1.7.0"
    debug: "npm:^4.1.0"
    gensync: "npm:^1.0.0-beta.2"
    json5: "npm:^2.2.1"
    semver: "npm:^6.3.0"
  checksum: 8fb8dd2c673ea14de0f890cc7b3c7dbeaa4c05dcfbadca19b68fbc9912b9984425dea9181bbde67d5c3525f0979ac99fa72ff312403ce1cb25ff71b874981d30
  languageName: node
  linkType: hard

"@babel/generator@npm:^7.19.0":
  version: 7.19.0
  resolution: "@babel/generator@npm:7.19.0"
  dependencies:
    "@babel/types": "npm:^7.19.0"
    "@jridgewell/gen-mapping": "npm:^0.3.2"
    jsesc: "npm:^2.5.1"
  checksum: 19e0e1416cb46612480d89b9cd3e81426883a340bfbae34f7f28da482062df662ec87363d7149fd580f50f68103894e1575a15df823fdd4d57e9627541701e96
  languageName: node
  linkType: hard

"@babel/helper-annotate-as-pure@npm:^7.18.6":
  version: 7.18.6
  resolution: "@babel/helper-annotate-as-pure@npm:7.18.6"
  dependencies:
    "@babel/types": "npm:^7.18.6"
  checksum: 1fcc8f0e9377623a19e00de620391dba3e0343d82ae2142eb7c94b10d6dbddafc201a7a84d1d9ce45ec82291b887f9d85b83d53a50850cdf1b07cee79de554b9
  languageName: node
  linkType: hard

"@babel/helper-compilation-targets@npm:^7.19.0":
  version: 7.19.0
  resolution: "@babel/helper-compilation-targets@npm:7.19.0"
  dependencies:
    "@babel/compat-data": "npm:^7.19.0"
    "@babel/helper-validator-option": "npm:^7.18.6"
    browserslist: "npm:^4.20.2"
    semver: "npm:^6.3.0"
  peerDependencies:
    "@babel/core": ^7.0.0
  checksum: 6f5a6aa6fc421ac563f4835fd3e6a00a6e01e828890423297100521ce6f2f516671752efc14a5bc8d0a9bb3fd0c01e27f44c4e0ce2ff92157b4e87dcdf19558d
  languageName: node
  linkType: hard

"@babel/helper-environment-visitor@npm:^7.18.9":
  version: 7.18.9
  resolution: "@babel/helper-environment-visitor@npm:7.18.9"
  checksum: 6a770ab046578d692f954213680f66d0764a92d608fcc121cf87c575223c44729fdebecc08550d0e18a5b22a3a72669c01de5351b6c1eff75a96b3167dbfe922
  languageName: node
  linkType: hard

"@babel/helper-function-name@npm:^7.19.0":
  version: 7.19.0
  resolution: "@babel/helper-function-name@npm:7.19.0"
  dependencies:
    "@babel/template": "npm:^7.18.10"
    "@babel/types": "npm:^7.19.0"
  checksum: 65ba2eaad08ba73238aa4f11004a7e0f1d96a57c85863d53571741944986f55f334dfd9a59a3a477daefc7d31bd72df78a78673046082d6625888d3d357d36ed
  languageName: node
  linkType: hard

"@babel/helper-hoist-variables@npm:^7.18.6":
  version: 7.18.6
  resolution: "@babel/helper-hoist-variables@npm:7.18.6"
  dependencies:
    "@babel/types": "npm:^7.18.6"
  checksum: 462ef0d14fbe6861cee3a2c2bee1eff76d31ec94230c147684d55fa65351784c4afffaa62a8a540caec659d47ef5641707cdb99ce049f1bf2995cfcccace537a
  languageName: node
  linkType: hard

"@babel/helper-module-imports@npm:^7.18.6":
  version: 7.18.6
  resolution: "@babel/helper-module-imports@npm:7.18.6"
  dependencies:
    "@babel/types": "npm:^7.18.6"
  checksum: 5c2d1987e4854abe7ca227d2e318b699c100dedc8ec45fe858755d5e9da8760ac136c0b1e669cc381f44eb79607b6f4ffcf7642e1aa84504389f9ca6065e8ee1
  languageName: node
  linkType: hard

"@babel/helper-module-transforms@npm:^7.19.0":
  version: 7.19.0
  resolution: "@babel/helper-module-transforms@npm:7.19.0"
  dependencies:
    "@babel/helper-environment-visitor": "npm:^7.18.9"
    "@babel/helper-module-imports": "npm:^7.18.6"
    "@babel/helper-simple-access": "npm:^7.18.6"
    "@babel/helper-split-export-declaration": "npm:^7.18.6"
    "@babel/helper-validator-identifier": "npm:^7.18.6"
    "@babel/template": "npm:^7.18.10"
    "@babel/traverse": "npm:^7.19.0"
    "@babel/types": "npm:^7.19.0"
  checksum: 3623886b8ab1baa44164f987652eebfce346456f53990f8e1a7fc2ad9b7c0d46d075d3568c76759f8b76c5fe49b88d2f15598296ee6faaa84c24dfa1bd588ba0
  languageName: node
  linkType: hard

"@babel/helper-plugin-utils@npm:^7.18.6, @babel/helper-plugin-utils@npm:^7.18.9":
  version: 7.18.9
  resolution: "@babel/helper-plugin-utils@npm:7.18.9"
  checksum: ae01ad84af834f9cb787e19b4b38d3c518e4804327671a171ab0a1ec06b2f644c441db2d68ad7e91142acff643392bf674adc1877d9712ffef2dd57db4e8ca06
  languageName: node
  linkType: hard

"@babel/helper-plugin-utils@npm:^7.19.0":
  version: 7.19.0
  resolution: "@babel/helper-plugin-utils@npm:7.19.0"
  checksum: 1f5ec25de2ec8789cc9df9ca89ff04a1ea48e372c92c4927a38a96aaf87d2ad2a2aa135630105e9f09a5ec37b220285df1a37e31288b0198f83cbf7d02345f3c
  languageName: node
  linkType: hard

"@babel/helper-simple-access@npm:^7.18.6":
  version: 7.18.6
  resolution: "@babel/helper-simple-access@npm:7.18.6"
  dependencies:
    "@babel/types": "npm:^7.18.6"
  checksum: 59d09d4fab16a270448ffe46fb7006b3d5c4d1f790488382173736b4fb481cbed84f81ee73081dda6ef5eb890969a5be61710c6a6493ca35b8c54056d87d8988
  languageName: node
  linkType: hard

"@babel/helper-split-export-declaration@npm:^7.18.6":
  version: 7.18.6
  resolution: "@babel/helper-split-export-declaration@npm:7.18.6"
  dependencies:
    "@babel/types": "npm:^7.18.6"
  checksum: a7834c5b54600542460aa278b0e988178ebe1905df856df909e4fdafffcaa05fc1688e5504a6f388ca1bc36dbdb78a56af422b4a7795876680451d86e55055b9
  languageName: node
  linkType: hard

"@babel/helper-string-parser@npm:^7.18.10":
  version: 7.18.10
  resolution: "@babel/helper-string-parser@npm:7.18.10"
  checksum: 560311d97de8023c64551ba8525dc0117cd11f908ab61451f3f3ac679a1b0781e926249faadd147001c535d5aff5d45d72bc7eb72c1e8e756338b288ca3f6133
  languageName: node
  linkType: hard

"@babel/helper-validator-identifier@npm:^7.16.7":
  version: 7.16.7
  resolution: "@babel/helper-validator-identifier@npm:7.16.7"
  checksum: c4327f7ed94b02f8498cc27e192161be20c3bbd7e584932adeabe00e033ef58dc7de8fb1aab65ba552cb7d52623de216a2871982421e7aa9790a1c30631d38d4
  languageName: node
  linkType: hard

"@babel/helper-validator-identifier@npm:^7.18.6":
  version: 7.18.6
  resolution: "@babel/helper-validator-identifier@npm:7.18.6"
  checksum: 665356113236e4de93e1d0055276c896c870842cf64496d5633fe00726eef8e096fcbc687385f5ce2c23d815bf60dfd15d3b9ae341503394bd925aec616d3c10
  languageName: node
  linkType: hard

"@babel/helper-validator-option@npm:^7.18.6":
  version: 7.18.6
  resolution: "@babel/helper-validator-option@npm:7.18.6"
  checksum: c32c6e5daa9b2e2cbee66477c652757add3a204fea24f486b3b630e1fb69df53591ddc8acf5c5bc30a157e7275e53e25b3fbafbe1d2fb21604ca09cd8d3d052c
  languageName: node
  linkType: hard

"@babel/helpers@npm:^7.19.0":
  version: 7.19.0
  resolution: "@babel/helpers@npm:7.19.0"
  dependencies:
    "@babel/template": "npm:^7.18.10"
    "@babel/traverse": "npm:^7.19.0"
    "@babel/types": "npm:^7.19.0"
  checksum: 4c63472d0a39e795609c7e4ec824349844523a63d308759bfce1265afed37b577a015f94bfaebaa6171bad465af64d6d8de9c2d1cb3b5d67b13880f9e796f614
  languageName: node
  linkType: hard

"@babel/highlight@npm:^7.16.7":
  version: 7.17.12
  resolution: "@babel/highlight@npm:7.17.12"
  dependencies:
    "@babel/helper-validator-identifier": "npm:^7.16.7"
    chalk: "npm:^2.0.0"
    js-tokens: "npm:^4.0.0"
  checksum: 2e073b7de7943e3e66af4bfaec32287aad50b767b3cc933761ea647ae7f4797b203f8e37a1f52f2910f15dadbbff80ae081e995c2ac47962dca827450c6d530b
  languageName: node
  linkType: hard

"@babel/highlight@npm:^7.18.6":
  version: 7.18.6
  resolution: "@babel/highlight@npm:7.18.6"
  dependencies:
    "@babel/helper-validator-identifier": "npm:^7.18.6"
    chalk: "npm:^2.0.0"
    js-tokens: "npm:^4.0.0"
  checksum: b8eeb1d38327c635004b3ae946ff334bb994334a5fdd874e216e62bbe3b8f8f10c901c3795c25db7c8e49eb5a56948b9dbe38c3800c4f977016402997dacedae
  languageName: node
  linkType: hard

"@babel/parser@npm:^7.18.10":
  version: 7.18.11
  resolution: "@babel/parser@npm:7.18.11"
  bin:
    parser: ./bin/babel-parser.js
  checksum: 23edfadef2d5087cbb6444f0483a45613d2866aed1fadfcb0be66629480bdc3364e5294aeae46e0c63f8584e2b1597b0de0a1972af895e1da407289363938fbb
  languageName: node
  linkType: hard

"@babel/parser@npm:^7.19.0":
  version: 7.19.0
  resolution: "@babel/parser@npm:7.19.0"
  bin:
    parser: ./bin/babel-parser.js
  checksum: 4883242d2d725c46aa580e60ebc2f8f5266996961e9e13fb4580232f96b02fd2e091ee9f3008e2267a85f814dc3e8fcd76f8dadaf0cd1aac2d204a939f8d65e0
  languageName: node
  linkType: hard

"@babel/plugin-syntax-jsx@npm:^7.18.6":
  version: 7.18.6
  resolution: "@babel/plugin-syntax-jsx@npm:7.18.6"
  dependencies:
    "@babel/helper-plugin-utils": "npm:^7.18.6"
  peerDependencies:
    "@babel/core": ^7.0.0-0
  checksum: 93aa8b4803ade912560529ffebed69cf29617f5025fdd39eeea3b2c60fa16f7120dee3e310931fd8faf14e2bd0bc5227210efea987bd393e61dcb4287d9aac8b
  languageName: node
  linkType: hard

"@babel/plugin-transform-react-jsx-development@npm:^7.18.6":
  version: 7.18.6
  resolution: "@babel/plugin-transform-react-jsx-development@npm:7.18.6"
  dependencies:
    "@babel/plugin-transform-react-jsx": "npm:^7.18.6"
  peerDependencies:
    "@babel/core": ^7.0.0-0
  checksum: 477254957b62413d6006b99022308ccd80713f9f7f3f5ff22ff28a3c6d752e69827c6b40c58374cba3e3087c25f6e342325b882e2ab9144e906203fa67cc58d1
  languageName: node
  linkType: hard

"@babel/plugin-transform-react-jsx-self@npm:^7.18.6":
  version: 7.18.6
  resolution: "@babel/plugin-transform-react-jsx-self@npm:7.18.6"
  dependencies:
    "@babel/helper-plugin-utils": "npm:^7.18.6"
  peerDependencies:
    "@babel/core": ^7.0.0-0
  checksum: 88ee5339448bd88cb76dfa1e2b137acb03f2215126968c4287304a7147920eafea3b917df11937c7e1c3ea091e59d2af68055ab98206fcbe353b0c2f7d324aec
  languageName: node
  linkType: hard

"@babel/plugin-transform-react-jsx-source@npm:^7.18.6":
  version: 7.18.6
  resolution: "@babel/plugin-transform-react-jsx-source@npm:7.18.6"
  dependencies:
    "@babel/helper-plugin-utils": "npm:^7.18.6"
  peerDependencies:
    "@babel/core": ^7.0.0-0
  checksum: bcfc4386764cd3bc23373b64c12d8a79818aaf29a7c333fbc8bca4abdbc231af6637a2ab9dd031d7d4a36e5bbab89d2d59c1a22c4d42525b66e7a8e9e6b21a9d
  languageName: node
  linkType: hard

"@babel/plugin-transform-react-jsx@npm:^7.18.10":
  version: 7.19.0
  resolution: "@babel/plugin-transform-react-jsx@npm:7.19.0"
  dependencies:
    "@babel/helper-annotate-as-pure": "npm:^7.18.6"
    "@babel/helper-module-imports": "npm:^7.18.6"
    "@babel/helper-plugin-utils": "npm:^7.19.0"
    "@babel/plugin-syntax-jsx": "npm:^7.18.6"
    "@babel/types": "npm:^7.19.0"
  peerDependencies:
    "@babel/core": ^7.0.0-0
  checksum: fe5df8cfd50029bbda7582812837fe0379482c509c7b332c4f08474731f7749b263fe643e728966fa78eb3aaa0f65f914002e9a17e7c4bcf339c41f31c1e5917
  languageName: node
  linkType: hard

"@babel/plugin-transform-react-jsx@npm:^7.18.6":
  version: 7.18.10
  resolution: "@babel/plugin-transform-react-jsx@npm:7.18.10"
  dependencies:
    "@babel/helper-annotate-as-pure": "npm:^7.18.6"
    "@babel/helper-module-imports": "npm:^7.18.6"
    "@babel/helper-plugin-utils": "npm:^7.18.9"
    "@babel/plugin-syntax-jsx": "npm:^7.18.6"
    "@babel/types": "npm:^7.18.10"
  peerDependencies:
    "@babel/core": ^7.0.0-0
  checksum: 4910d41486b9d2dbcdc3cbcdd7793cce087f42205552d8d85c4628d50310b2e528d5cb7d40ebec441a3c6c69ddf948f9c9d734bcf1de6434d327aad78f485815
  languageName: node
  linkType: hard

"@babel/runtime@npm:^7.12.5":
  version: 7.18.3
  resolution: "@babel/runtime@npm:7.18.3"
  dependencies:
    regenerator-runtime: "npm:^0.13.4"
  checksum: 01d7223923c2f900d7308c1c67b2ee20c11a347d0a4d80dacb3f16322298edb7a4dc1abfba9cb2238c96c1dcf6413c0e6165ed8cf1c17343a8b559a6e2777180
  languageName: node
  linkType: hard

"@babel/template@npm:^7.18.10":
  version: 7.18.10
  resolution: "@babel/template@npm:7.18.10"
  dependencies:
    "@babel/code-frame": "npm:^7.18.6"
    "@babel/parser": "npm:^7.18.10"
    "@babel/types": "npm:^7.18.10"
  checksum: 8d820647ae45c8fcc7d9c52bfb89f94bb96fc0d0fb71903b6619e176f6744be773a8d8ab0fcbb3e7208448ca71016580df2b1e40c685061154030f339e47e8df
  languageName: node
  linkType: hard

"@babel/traverse@npm:^7.19.0":
  version: 7.19.0
  resolution: "@babel/traverse@npm:7.19.0"
  dependencies:
    "@babel/code-frame": "npm:^7.18.6"
    "@babel/generator": "npm:^7.19.0"
    "@babel/helper-environment-visitor": "npm:^7.18.9"
    "@babel/helper-function-name": "npm:^7.19.0"
    "@babel/helper-hoist-variables": "npm:^7.18.6"
    "@babel/helper-split-export-declaration": "npm:^7.18.6"
    "@babel/parser": "npm:^7.19.0"
    "@babel/types": "npm:^7.19.0"
    debug: "npm:^4.1.0"
    globals: "npm:^11.1.0"
  checksum: 7da52645e489e4b016e82672f13c9b97ec0a9fe148f0b86cf1b39ddd78f8112d642d5ccf853aeb7731a18b0c9b30f6246d091a2ba90aa9752ca92c068b97ad43
  languageName: node
  linkType: hard

"@babel/types@npm:^7.18.10, @babel/types@npm:^7.18.6":
  version: 7.18.10
  resolution: "@babel/types@npm:7.18.10"
  dependencies:
    "@babel/helper-string-parser": "npm:^7.18.10"
    "@babel/helper-validator-identifier": "npm:^7.18.6"
    to-fast-properties: "npm:^2.0.0"
  checksum: 83f54703a147dc2c6592e0e496e274e928cc9297d16e7707d537787637dbba60d4b93445396ec1fa8827efb0b57a088a29fb2197abc01ffe8b194281f114e977
  languageName: node
  linkType: hard

"@babel/types@npm:^7.19.0":
  version: 7.19.0
  resolution: "@babel/types@npm:7.19.0"
  dependencies:
    "@babel/helper-string-parser": "npm:^7.18.10"
    "@babel/helper-validator-identifier": "npm:^7.18.6"
    to-fast-properties: "npm:^2.0.0"
  checksum: 4baa727147a8313497bc5db31bd97da7ff3525dfcfc538ec1639dc8485fba251c16c492ba40e9d7f3c4bc2686c79cb2e3ac269612feb6aa5d6d87259792d4da4
  languageName: node
  linkType: hard

"@babel/types@npm:^7.8.3":
  version: 7.18.4
  resolution: "@babel/types@npm:7.18.4"
  dependencies:
    "@babel/helper-validator-identifier": "npm:^7.16.7"
    to-fast-properties: "npm:^2.0.0"
  checksum: 1a7f014d486a90b597c6e29c763658c3a4753b75b1dc75151067af2f310f2bba48a8890c7058faee8e1d54f8eb12a55354e3ce6333efb41b32ada1b884160e2b
  languageName: node
  linkType: hard

"@bcoe/v8-coverage@npm:^0.2.3":
  version: 0.2.3
  resolution: "@bcoe/v8-coverage@npm:0.2.3"
  checksum: 86336400d6fb1a8263a3e7242ad7ed870f5efae7cd8c2b18df45fa11adc9af035bac68c0da68c0f67e78b3f09ef49efe2e84c4912ddc48e2d12f30ec474c81cc
  languageName: node
  linkType: hard

"@colors/colors@npm:1.5.0":
  version: 1.5.0
  resolution: "@colors/colors@npm:1.5.0"
  checksum: 5e08870799494f68e5b3b79e9a337bbf5fd7e634904fbbe642769921bf158fe458c41c888f88edf051b78c5325e3339970f00b24e31421c3480bb58f02687218
  languageName: node
  linkType: hard

"@commitlint/cli@npm:17.1.2":
  version: 17.1.2
  resolution: "@commitlint/cli@npm:17.1.2"
  dependencies:
    "@commitlint/format": "npm:^17.0.0"
    "@commitlint/lint": "npm:^17.1.0"
    "@commitlint/load": "npm:^17.1.2"
    "@commitlint/read": "npm:^17.1.0"
    "@commitlint/types": "npm:^17.0.0"
    execa: "npm:^5.0.0"
    lodash: "npm:^4.17.19"
    resolve-from: "npm:5.0.0"
    resolve-global: "npm:1.0.0"
    yargs: "npm:^17.0.0"
  bin:
    commitlint: cli.js
  checksum: b750c6f8f084baa5dad66028e13b1df10e7cee31e8e9ba9b9a9544160ff0fea2dea878a32c40de65bc2502b545b82dbd09da10f2da8128c5655a5ad3a9d14ea7
  languageName: node
  linkType: hard

"@commitlint/config-conventional@npm:17.1.0":
  version: 17.1.0
  resolution: "@commitlint/config-conventional@npm:17.1.0"
  dependencies:
    conventional-changelog-conventionalcommits: "npm:^5.0.0"
  checksum: 08b3b0aed710229f70feac76f54de3af68ac290f81aa4c469905f5f6aa00d9e09d45cbe67441d59b9954570689f612cecc9e967ab68d3b335bb2a484e34f7030
  languageName: node
  linkType: hard

"@commitlint/config-validator@npm:^17.1.0":
  version: 17.1.0
  resolution: "@commitlint/config-validator@npm:17.1.0"
  dependencies:
    "@commitlint/types": "npm:^17.0.0"
    ajv: "npm:^8.11.0"
  checksum: d19037d356e06612a55ba915e66a15719429cbf9fa162247b96b851be2047d5a93684cca99ec14058a3affd001e9d91ebdea10c9874d1f03042364b2ce6313b1
  languageName: node
  linkType: hard

"@commitlint/ensure@npm:^17.0.0":
  version: 17.0.0
  resolution: "@commitlint/ensure@npm:17.0.0"
  dependencies:
    "@commitlint/types": "npm:^17.0.0"
    lodash: "npm:^4.17.19"
  checksum: c8a25decac7557c2aa58394f8adafac866ab1c8d517c557bbf8d3249b8a7991203f2d194399e03eaa62dc27c9f1801cf10ef0f5dbdcf3b98361e221b900c22ae
  languageName: node
  linkType: hard

"@commitlint/execute-rule@npm:^17.0.0":
  version: 17.0.0
  resolution: "@commitlint/execute-rule@npm:17.0.0"
  checksum: f84c8db196347ad01563ec372ca8a06076c5fd5c136f1a7022eccb76f7f1c9f7859dab8d36bff411a5ac9fdb8fe733f0bd963b9b87889d065d015ff3af4294c6
  languageName: node
  linkType: hard

"@commitlint/format@npm:^17.0.0":
  version: 17.0.0
  resolution: "@commitlint/format@npm:17.0.0"
  dependencies:
    "@commitlint/types": "npm:^17.0.0"
    chalk: "npm:^4.1.0"
  checksum: 70a19eb1d49f27188f6bd2fa3f373c0e72f993b8d2c41ba699645259c0cfb99ccaee9045c16a6b59a6a469b3d7dda644683a40a86973dd8b7511acf4c25d22ec
  languageName: node
  linkType: hard

"@commitlint/is-ignored@npm:^17.1.0":
  version: 17.1.0
  resolution: "@commitlint/is-ignored@npm:17.1.0"
  dependencies:
    "@commitlint/types": "npm:^17.0.0"
    semver: "npm:7.3.7"
  checksum: ad7cf4e0ae1010b557a64cc10fc5da9c94ec194929e55f670c662852c89e7ee0e2f79caa39fc4d27a0235fe40d4786e35431747e43b58277d2e07697165b1749
  languageName: node
  linkType: hard

"@commitlint/lint@npm:^17.1.0":
  version: 17.1.0
  resolution: "@commitlint/lint@npm:17.1.0"
  dependencies:
    "@commitlint/is-ignored": "npm:^17.1.0"
    "@commitlint/parse": "npm:^17.0.0"
    "@commitlint/rules": "npm:^17.0.0"
    "@commitlint/types": "npm:^17.0.0"
  checksum: 4e1aef5d95ddc679e4e6ac7e4e36992c01636b751ba964eb7caa1eeea310d9351516b8e51baae0b37822c899562cfb69adc2abd9c9e0f9913079fb7a102de50b
  languageName: node
  linkType: hard

"@commitlint/load@npm:^17.1.2":
  version: 17.1.2
  resolution: "@commitlint/load@npm:17.1.2"
  dependencies:
    "@commitlint/config-validator": "npm:^17.1.0"
    "@commitlint/execute-rule": "npm:^17.0.0"
    "@commitlint/resolve-extends": "npm:^17.1.0"
    "@commitlint/types": "npm:^17.0.0"
    "@types/node": "npm:^14.0.0"
    chalk: "npm:^4.1.0"
    cosmiconfig: "npm:^7.0.0"
    cosmiconfig-typescript-loader: "npm:^4.0.0"
    lodash: "npm:^4.17.19"
    resolve-from: "npm:^5.0.0"
    ts-node: "npm:^10.8.1"
    typescript: "npm:^4.6.4"
  checksum: 70fd97eee0f6531c3f66001f7d8f97c39224b2fe4041a172bff323f88735cdceb05c8f0f83e24020cc09561f27735e85a202fe25d2d07e855714c277677a5c4a
  languageName: node
  linkType: hard

"@commitlint/message@npm:^17.0.0":
  version: 17.0.0
  resolution: "@commitlint/message@npm:17.0.0"
  checksum: 4e2e36b43c1d6bf31b449405dcd747ea1cfc1c7616d8b1c221161f6079de335f56d84b465b51fbd6aea974df0a4daa7e540ba346e5076f4041a0dcca1d1cc156
  languageName: node
  linkType: hard

"@commitlint/parse@npm:^17.0.0":
  version: 17.0.0
  resolution: "@commitlint/parse@npm:17.0.0"
  dependencies:
    "@commitlint/types": "npm:^17.0.0"
    conventional-changelog-angular: "npm:^5.0.11"
    conventional-commits-parser: "npm:^3.2.2"
  checksum: 3a6c271725af01efc37a4489b3c4ab0b861a12637664d708a99d85a8630d9a2dfac0ea7134b1ed75941a08295f05122297fbf8a183d729e4197c23c64efc2a43
  languageName: node
  linkType: hard

"@commitlint/read@npm:^17.1.0":
  version: 17.1.0
  resolution: "@commitlint/read@npm:17.1.0"
  dependencies:
    "@commitlint/top-level": "npm:^17.0.0"
    "@commitlint/types": "npm:^17.0.0"
    fs-extra: "npm:^10.0.0"
    git-raw-commits: "npm:^2.0.0"
    minimist: "npm:^1.2.6"
  checksum: ec0147fd35c430395fe2d540bb25b86655b9af5cc56f799495c2c2e5a2c8b998baa851c29a363cf063fdca253f3d40fd891ad185ba19da8a977563c25922b497
  languageName: node
  linkType: hard

"@commitlint/resolve-extends@npm:^17.1.0":
  version: 17.1.0
  resolution: "@commitlint/resolve-extends@npm:17.1.0"
  dependencies:
    "@commitlint/config-validator": "npm:^17.1.0"
    "@commitlint/types": "npm:^17.0.0"
    import-fresh: "npm:^3.0.0"
    lodash: "npm:^4.17.19"
    resolve-from: "npm:^5.0.0"
    resolve-global: "npm:^1.0.0"
  checksum: 312e8651fc87803d98c8bdf76c5c44ceebf22d923f614f2677b8502be3ccdd4a3d0b4570580a8654b0b16337acd94446d5ce9653a009d9cfe0feceb5929622fa
  languageName: node
  linkType: hard

"@commitlint/rules@npm:^17.0.0":
  version: 17.0.0