
# This file is generated by running "yarn install" inside your project.
# Manual changes might be lost - proceed with caution!

__metadata:
  version: 7
  cacheKey: 9

"@ampproject/remapping@npm:^2.1.0":
  version: 2.2.0
  resolution: "@ampproject/remapping@npm:2.2.0"
  dependencies:
    "@jridgewell/gen-mapping": "npm:^0.1.0"
    "@jridgewell/trace-mapping": "npm:^0.3.9"
  checksum: 468104da656991a578ac6c9e074fe9e6a810c37e90106a738464c971a9cea37ae29c3752c8946f884a82da458597fdff57da70c4fca3fb560d29038132d2d524