
# This file is generated by running "yarn install" inside your project.
# Manual changes might be lost - proceed with caution!

__metadata:
  version: 7
  cacheKey: 9

"@ampproject/remapping@npm:^2.1.0":
  version: 2.2.0
  resolution: "@ampproject/remapping@npm:2.2.0"
  dependencies:
    "@jridgewell/gen-mapping": "npm:^0.1.0"
    "@jridgewell/trace-mapping": "npm:^0.3.9"
  checksum: 468104da656991a578ac6c9e074fe9e6a810c37e90106a738464c971a9cea37ae29c3752c8946f884a82da458597fdff57da70c4fca3fb560d29038132d2d524
  languageName: node
  linkType: hard

"@babel/code-frame@npm:^7.0.0, @babel/code-frame@npm:^7.10.4, @babel/code-frame@npm:^7.12.13":
  version: 7.16.7
  resolution: "@babel/code-frame@npm:7.16.7"
  dependencies:
    "@babel/highlight": "npm:^7.16.7"
  checksum: 605f3530f232ac4906c19c768570739770679b73568dfc2421a70e4fcd2fb6e0e44cf8b72db058b96a4511c4dca8c3ca5c191e6329a56be6dd175d32abe3aeff
  languageName: node
  linkType: hard

"@babel/code-frame@npm:^7.18.6":
  version: 7.18.6
  resolution: "@babel/code-frame@npm:7.18.6"
  dependencies:
    "@babel/highlight": "npm:^7.18.6"
  checksum: eb27d165ea1c7c23e71a2a6f64225fe0ca0b2a39f5c0b57fda2a62dfa845799ca94886b08014f8fd4a711538cc6b1c89b9fc1dca6a5148893932bc03412ca848
  languageName: node
  linkType: hard

"@babel/compat-data@npm:^7.19.0":
  version: 7.19.0
  resolution: "@babel/compat-data@npm:7.19.0"
  checksum: bbb74bbb1fa825b182ca87d5916a3fad268b90a6a5d4f7805e4dfd1576ac0f622abf7956705f126d0f974fb2f68db84f9c14c1793f3db17fc8f925efc7272dbe
  languageName: node
  linkType: hard

"@babel/core@npm:^7.18.13":
  version: 7.19.0
  resolution: "@babel/core@npm:7.19.0"
  dependencies:
    "@ampproject/remapping": "npm:^2.1.0"
    "@babel/code-frame": "npm:^7.18.6"
    "@babel/generator": "npm:^7.19.0"
    "@babel/helper-compilation-targets": "npm:^7.19.0"
    "@babel/helper-module-transforms": "npm:^7.19.0"
    "@babel/helpers": "npm:^7.19.0"
    "@babel/parser": "npm:^7.19.0"
    "@babel/template": "npm:^7.18.10"
    "@babel/traverse": "npm:^7.19.0"
    "@babel/types": "npm:^7.19.0"
    convert-source-map: "npm:^1.7.0"
    debug: "npm:^4.1.0"
    gensync: "npm:^1.0.0-beta.2"
    json5: "npm:^2.2.1"
    semver: "npm:^6.3.0"
  checksum: 8fb8dd2c673ea14de0f890cc7b3c7dbeaa4c05dcfbadca19b68fbc9912b9984425dea9181bbde67d5c3525f0979ac99fa72ff312403ce1cb25ff71b874981d30
  languageName: node
  linkType: hard

"@babel/generator@npm:^7.19.0":
  version: 7.19.0
  resolution: "@babel/generator@npm:7.19.0"
  dependencies:
    "@babel/types": "npm:^7.19.0"
    "@jridgewell/gen-mapping": "npm:^0.3.2"
    jsesc: "npm:^2.5.1"
  checksum: 19e0e1416cb46612480d89b9cd3e81426883a340bfbae34f7f28da482062df662ec87363d7149fd580f50f68103894e1575a15df823fdd4d57e9627541701e96
  languageName: node
  linkType: hard

"@babel/helper-annotate-as-pure@npm:^7.18.6":
  version: 7.18.6
  resolution: "@babel/helper-annotate-as-pure@npm:7.18.6"
  dependencies:
    "@babel/types": "npm:^7.18.6"
  checksum: 1fcc8f0e9377623a19e00de620391dba3e0343d82ae2142eb7c94b10d6dbddafc201a7a84d1d9ce45ec82291b887f9d85b83d53a50850cdf1b07cee79de554b9
  languageName: node
  linkType: hard

"@babel/helper-compilation-targets@npm:^7.19.0":
  version: 7.19.0
  resolution: "@babel/helper-compilation-targets@npm:7.19.0"
  dependencies:
    "@babel/compat-data": "npm:^7.19.0"
    "@babel/helper-validator-option": "npm:^7.18.6"
    browserslist: "npm:^4.20.2"
    semver: "npm:^6.3.0"
  peerDependencies:
    "@babel/core": ^7.0.0
  checksum: 6f5a6aa6fc421ac563f4835fd3e6a00a6e01e828890423297100521ce6f2f516671752efc14a5bc8d0a9bb3fd0c01e27f44c4e0ce2ff92157b4e87dcdf19558d
  languageName: node
  linkType: hard

"@babel/helper-environment-visitor@npm:^7.18.9":
  version: 7.18.9
  resolution: "@babel/helper-environment-visitor@npm:7.18.9"
  checksum: 6a770ab046578d692f954213680f66d0764a92d608fcc121cf87c575223c44729fdebecc08550d0e18a5b22a3a72669c01de5351b6c1eff75a96b3167dbfe922
  languageName: node
  linkType: hard

"@babel/helper-function-name@npm:^7.19.0":
  version: 7.19.0
  resolution: "@babel/helper-function-name@npm:7.19.0"
  dependencies:
    "@babel/template": "npm:^7.18.10"
    "@babel/types": "npm:^7.19.0"
  checksum: 65ba2eaad08ba73238aa4f11004a7e0f1d96a57c85863d53571741944986f55f334dfd9a59a3a477daefc7d31bd72df78a78673046082d6625888d3d357d36ed
  languageName: node
  linkType: hard

"@babel/helper-hoist-variables@npm:^7.18.6":
  version: 7.18.6
  resolution: "@babel/helper-hoist-variables@npm:7.18.6"
  dependencies:
    "@babel/types": "npm:^7.18.6"
  checksum: 462ef0d14fbe6861cee3a2c2bee1eff76d31ec94230c147684d55fa65351784c4afffaa62a8a540caec659d47ef5641707cdb99ce049f1bf2995cfcccace537a
  languageName: node
  linkType: hard

"@babel/helper-module-imports@npm:^7.18.6":
  version: 7.18.6
  resolution: "@babel/helper-module-imports@npm:7.18.6"